
Microsoft Visual Studio Solution File, Format Version 12.00
# Visual Studio Version 16
VisualStudioVersion = 16.0.31005.135
MinimumVisualStudioVersion = 10.0.40219.1
Project("{FAE04EC0-301F-11D3-BF4B-00C04F79EFBC}") = "fileEmptier", "fileEmptier\fileEmptier.csproj", "{7D73C64C-896A-407D-84EF-C1DF823EF023}"
EndProject
Global
	GlobalSection(SolutionConfigurationPlatforms) = preSolution
		Debug|Any CPU = Debug|Any CPU
		Release|Any CPU = Release|Any CPU
	EndGlobalSection
	GlobalSection(ProjectConfigurationPlatforms) = postSolution
		{7D73C64C-896A-407D-84EF-C1DF823EF023}.Debug|Any CPU.ActiveCfg = Debug|Any CPU
		{7D73C64C-896A-407D-84EF-C1DF823EF023}.Debug|Any CPU.Build.0 = Debug|Any CPU
		{7D73C64C-896A-407D-84EF-C1DF823EF023}.Release|Any CPU.ActiveCfg = Release|Any CPU
		{7D73C64C-896A-407D-84EF-C1DF823EF023}.Release|Any CPU.Build.0 = Release|Any CPU
	EndGlobalSection
	GlobalSection(SolutionProperties) = preSolution
		HideSolutionNode = FALSE
	EndGlobalSection
	GlobalSection(ExtensibilityGlobals) = postSolution
		SolutionGuid = {0CAAD123-208B-4FCF-9FB3-03D788EA0900}
	EndGlobalSection
EndGlobal
